
Microsoft Visual Studio Solution File, Format Version 12.00
# Visual Studio 14
VisualStudioVersion = 14.0.25420.1
MinimumVisualStudioVersion = 10.0.40219.1
Project("{FAE04EC0-301F-11D3-BF4B-00C04F79EFBC}") = "Saturn72.Extensions", "Saturn72.Extensions\Saturn72.Extensions.csproj", "{B1BD613F-441F-42D2-B73D-5CF0057E7A23}"
EndProject
Project("{FAE04EC0-301F-11D3-BF4B-00C04F79EFBC}") = "Saturn72.Extensions.Data", "Saturn72.Extensions.Data\Saturn72.Extensions.Data.csproj", "{A7B3E883-359C-45EC-B925-623D55984AD9}"
EndProject
Project("{FAE04EC0-301F-11D3-BF4B-00C04F79EFBC}") = "Saturn72.Extensions.Data.Tests", "Saturn72.Extensions.Data.Tests\Saturn72.Extensions.Data.Tests.csproj", "{A75E8ACD-B491-43E3-A5B6-C201B994090B}"
EndProject
Project("{FAE04EC0-301F-11D3-BF4B-00C04F79EFBC}") = "Saturn72.Extensions.Net", "Saturn72.Extensions.Net\Saturn72.Extensions.Net.csproj", "{2601A20B-162D-4CD0-B6E3-4A467F5106C9}"
EndProject
Project("{FAE04EC0-301F-11D3-BF4B-00C04F79EFBC}") = "Saturn72.Extensions.Tests", "Saturn72.Extensions.Tests\Saturn72.Extensions.Tests.csproj", "{04891523-ADBC-4E27-831E-10D1C5BC9755}"
EndProject
Project("{2150E333-8FDC-42A3-9474-1A3956D46DE8}") = ".nuget", ".nuget", "{AE4C391B-59F7-45E5-BED9-004B20C4CAE2}"
	ProjectSection(SolutionItems) = preProject
		.nuget\nuget.config = .nuget\nuget.config
	EndProjectSection
EndProject
Global
	GlobalSection(SolutionConfigurationPlatforms) = preSolution
		Debug|Any CPU = Debug|Any CPU
		Debug|x64 = Debug|x64
		Release|Any CPU = Release|Any CPU
		Release|x64 = Release|x64
	EndGlobalSection
	GlobalSection(ProjectConfigurationPlatforms) = postSolution
		{B1BD613F-441F-42D2-B73D-5CF0057E7A23}.Debug|Any CPU.ActiveCfg = Debug|Any CPU
		{B1BD613F-441F-42D2-B73D-5CF0057E7A23}.Debug|Any CPU.Build.0 = Debug|Any CPU
		{B1BD613F-441F-42D2-B73D-5CF0057E7A23}.Debug|x64.ActiveCfg = Debug|Any CPU
		{B1BD613F-441F-42D2-B73D-5CF0057E7A23}.Debug|x64.Build.0 = Debug|Any CPU
		{B1BD613F-441F-42D2-B73D-5CF0057E7A23}.Release|Any CPU.ActiveCfg = Release|Any CPU
		{B1BD613F-441F-42D2-B73D-5CF0057E7A23}.Release|Any CPU.Build.0 = Release|Any CPU
		{B1BD613F-441F-42D2-B73D-5CF0057E7A23}.Release|x64.ActiveCfg = Release|Any CPU
		{B1BD613F-441F-42D2-B73D-5CF0057E7A23}.Release|x64.Build.0 = Release|Any CPU
		{A7B3E883-359C-45EC-B925-623D55984AD9}.Debug|Any CPU.ActiveCfg = Debug|Any CPU
		{A7B3E883-359C-45EC-B925-623D55984AD9}.Debug|Any CPU.Build.0 = Debug|Any CPU
		{A7B3E883-359C-45EC-B925-623D55984AD9}.Debug|x64.ActiveCfg = Debug|Any CPU
		{A7B3E883-359C-45EC-B925-623D55984AD9}.Debug|x64.Build.0 = Debug|Any CPU
		{A7B3E883-359C-45EC-B925-623D55984AD9}.Release|Any CPU.ActiveCfg = Release|Any CPU
		{A7B3E883-359C-45EC-B925-623D55984AD9}.Release|Any CPU.Build.0 = Release|Any CPU
		{A7B3E883-359C-45EC-B925-623D55984AD9}.Release|x64.ActiveCfg = Release|Any CPU
		{A7B3E883-359C-45EC-B925-623D55984AD9}.Release|x64.Build.0 = Release|Any CPU
		{A75E8ACD-B491-43E3-A5B6-C201B994090B}.Debug|Any CPU.ActiveCfg = Debug|Any CPU
		{A75E8ACD-B491-43E3-A5B6-C201B994090B}.Debug|Any CPU.Build.0 = Debug|Any CPU
		{A75E8ACD-B491-43E3-A5B6-C201B994090B}.Debug|x64.ActiveCfg = Debug|Any CPU
		{A75E8ACD-B491-43E3-A5B6-C201B994090B}.Debug|x64.Build.0 = Debug|Any CPU
		{A75E8ACD-B491-43E3-A5B6-C201B994090B}.Release|Any CPU.ActiveCfg = Release|Any CPU
		{A75E8ACD-B491-43E3-A5B6-C201B994090B}.Release|Any CPU.Build.0 = Release|Any CPU
		{A75E8ACD-B491-43E3-A5B6-C201B994090B}.Release|x64.ActiveCfg = Release|Any CPU
		{A75E8ACD-B491-43E3-A5B6-C201B994090B}.Release|x64.Build.0 = Release|Any CPU
		{2601A20B-162D-4CD0-B6E3-4A467F5106C9}.Debug|Any CPU.ActiveCfg = Debug|Any CPU
		{2601A20B-162D-4CD0-B6E3-4A467F5106C9}.Debug|Any CPU.Build.0 = Debug|Any CPU
		{2601A20B-162D-4CD0-B6E3-4A467F5106C9}.Debug|x64.ActiveCfg = Debug|Any CPU
		{2601A20B-162D-4CD0-B6E3-4A467F5106C9}.Debug|x64.Build.0 = Debug|Any CPU
		{2601A20B-162D-4CD0-B6E3-4A467F5106C9}.Release|Any CPU.ActiveCfg = Release|Any CPU
		{2601A20B-162D-4CD0-B6E3-4A467F5106C9}.Release|Any CPU.Build.0 = Release|Any CPU
		{2601A20B-162D-4CD0-B6E3-4A467F5106C9}.Release|x64.ActiveCfg = Release|Any CPU
		{2601A20B-162D-4CD0-B6E3-4A467F5106C9}.Release|x64.Build.0 = Release|Any CPU
		{04891523-ADBC-4E27-831E-10D1C5BC9755}.Debug|Any CPU.ActiveCfg = Debug|Any CPU
		{04891523-ADBC-4E27-831E-10D1C5BC9755}.Debug|Any CPU.Build.0 = Debug|Any CPU
		{04891523-ADBC-4E27-831E-10D1C5BC9755}.Debug|x64.ActiveCfg = Debug|Any CPU
		{04891523-ADBC-4E27-831E-10D1C5BC9755}.Debug|x64.Build.0 = Debug|Any CPU
		{04891523-ADBC-4E27-831E-10D1C5BC9755}.Release|Any CPU.ActiveCfg = Release|Any CPU
		{04891523-ADBC-4E27-831E-10D1C5BC9755}.Release|Any CPU.Build.0 = Release|Any CPU
		{04891523-ADBC-4E27-831E-10D1C5BC9755}.Release|x64.ActiveCfg = Release|Any CPU
		{04891523-ADBC-4E27-831E-10D1C5BC9755}.Release|x64.Build.0 = Release|Any CPU
	EndGlobalSection
	GlobalSection(SolutionProperties) = preSolution
		HideSolutionNode = FALSE
	EndGlobalSection
EndGlobal
