
Microsoft Visual Studio Solution File, Format Version 12.00
# Visual Studio 15
VisualStudioVersion = 15.0.26430.6
MinimumVisualStudioVersion = 10.0.40219.1
Project("{FAE04EC0-301F-11D3-BF4B-00C04F79EFBC}") = "Saturn72.Extensions.Data", "Saturn72.Extensions.Data\Saturn72.Extensions.Data.csproj", "{A7B3E883-359C-45EC-B925-623D55984AD9}"
EndProject
Project("{FAE04EC0-301F-11D3-BF4B-00C04F79EFBC}") = "Saturn72.Extensions.Data.Tests", "Saturn72.Extensions.Data.Tests\Saturn72.Extensions.Data.Tests.csproj", "{A75E8ACD-B491-43E3-A5B6-C201B994090B}"
EndProject
Project("{FAE04EC0-301F-11D3-BF4B-00C04F79EFBC}") = "Saturn72.Extensions.Net", "Saturn72.Extensions.Net\Saturn72.Extensions.Net.csproj", "{2601A20B-162D-4CD0-B6E3-4A467F5106C9}"
EndProject
Project("{FAE04EC0-301F-11D3-BF4B-00C04F79EFBC}") = "Saturn72.Extensions.Tests", "Saturn72.Extensions.Tests\Saturn72.Extensions.Tests.csproj", "{04891523-ADBC-4E27-831E-10D1C5BC9755}"
EndProject
Project("{2150E333-8FDC-42A3-9474-1A3956D46DE8}") = "TestResources", "TestResources", "{14451B69-50FC-428E-A1BD-053434043198}"
EndProject
Project("{FAE04EC0-301F-11D3-BF4B-00C04F79EFBC}") = "SimpleApp", "TestResources\SimpleApp\SimpleApp.csproj", "{E280FF75-6A5D-4FA7-8780-45FE1D73DC57}"
EndProject
Project("{FAE04EC0-301F-11D3-BF4B-00C04F79EFBC}") = "Saturn72.Extensions", "Saturn72.Extensions\Saturn72.Extensions.csproj", "{D543A480-1D21-4A9A-B482-97A029FEA216}"
EndProject
Global
	GlobalSection(SolutionConfigurationPlatforms) = preSolution
		Debug|Any CPU = Debug|Any CPU
		Debug|x64 = Debug|x64
		Release|Any CPU = Release|Any CPU
		Release|x64 = Release|x64
	EndGlobalSection
	GlobalSection(ProjectConfigurationPlatforms) = postSolution
		{A7B3E883-359C-45EC-B925-623D55984AD9}.Debug|Any CPU.ActiveCfg = Debug|Any CPU
		{A7B3E883-359C-45EC-B925-623D55984AD9}.Debug|Any CPU.Build.0 = Debug|Any CPU
		{A7B3E883-359C-45EC-B925-623D55984AD9}.Debug|x64.ActiveCfg = Debug|Any CPU
		{A7B3E883-359C-45EC-B925-623D55984AD9}.Debug|x64.Build.0 = Debug|Any CPU
		{A7B3E883-359C-45EC-B925-623D55984AD9}.Release|Any CPU.ActiveCfg = Release|Any CPU
		{A7B3E883-359C-45EC-B925-623D55984AD9}.Release|Any CPU.Build.0 = Release|Any CPU
		{A7B3E883-359C-45EC-B925-623D55984AD9}.Release|x64.ActiveCfg = Release|Any CPU
		{A7B3E883-359C-45EC-B925-623D55984AD9}.Release|x64.Build.0 = Release|Any CPU
		{A75E8ACD-B491-43E3-A5B6-C201B994090B}.Debug|Any CPU.ActiveCfg = Debug|Any CPU
		{A75E8ACD-B491-43E3-A5B6-C201B994090B}.Debug|Any CPU.Build.0 = Debug|Any CPU
		{A75E8ACD-B491-43E3-A5B6-C201B994090B}.Debug|x64.ActiveCfg = Debug|Any CPU
		{A75E8ACD-B491-43E3-A5B6-C201B994090B}.Debug|x64.Build.0 = Debug|Any CPU
		{A75E8ACD-B491-43E3-A5B6-C201B994090B}.Release|Any CPU.ActiveCfg = Release|Any CPU
		{A75E8ACD-B491-43E3-A5B6-C201B994090B}.Release|Any CPU.Build.0 = Release|Any CPU
		{A75E8ACD-B491-43E3-A5B6-C201B994090B}.Release|x64.ActiveCfg = Release|Any CPU
		{A75E8ACD-B491-43E3-A5B6-C201B994090B}.Release|x64.Build.0 = Release|Any CPU
		{2601A20B-162D-4CD0-B6E3-4A467F5106C9}.Debug|Any CPU.ActiveCfg = Debug|Any CPU
		{2601A20B-162D-4CD0-B6E3-4A467F5106C9}.Debug|Any CPU.Build.0 = Debug|Any CPU
		{2601A20B-162D-4CD0-B6E3-4A467F5106C9}.Debug|x64.ActiveCfg = Debug|Any CPU
		{2601A20B-162D-4CD0-B6E3-4A467F5106C9}.Debug|x64.Build.0 = Debug|Any CPU
		{2601A20B-162D-4CD0-B6E3-4A467F5106C9}.Release|Any CPU.ActiveCfg = Release|Any CPU
		{2601A20B-162D-4CD0-B6E3-4A467F5106C9}.Release|Any CPU.Build.0 = Release|Any CPU
		{2601A20B-162D-4CD0-B6E3-4A467F5106C9}.Release|x64.ActiveCfg = Release|Any CPU
		{2601A20B-162D-4CD0-B6E3-4A467F5106C9}.Release|x64.Build.0 = Release|Any CPU
		{04891523-ADBC-4E27-831E-10D1C5BC9755}.Debug|Any CPU.ActiveCfg = Debug|Any CPU
		{04891523-ADBC-4E27-831E-10D1C5BC9755}.Debug|Any CPU.Build.0 = Debug|Any CPU
		{04891523-ADBC-4E27-831E-10D1C5BC9755}.Debug|x64.ActiveCfg = Debug|Any CPU
		{04891523-ADBC-4E27-831E-10D1C5BC9755}.Debug|x64.Build.0 = Debug|Any CPU
		{04891523-ADBC-4E27-831E-10D1C5BC9755}.Release|Any CPU.ActiveCfg = Release|Any CPU
		{04891523-ADBC-4E27-831E-10D1C5BC9755}.Release|Any CPU.Build.0 = Release|Any CPU
		{04891523-ADBC-4E27-831E-10D1C5BC9755}.Release|x64.ActiveCfg = Release|Any CPU
		{04891523-ADBC-4E27-831E-10D1C5BC9755}.Release|x64.Build.0 = Release|Any CPU
		{E280FF75-6A5D-4FA7-8780-45FE1D73DC57}.Debug|Any CPU.ActiveCfg = Debug|Any CPU
		{E280FF75-6A5D-4FA7-8780-45FE1D73DC57}.Debug|x64.ActiveCfg = Debug|Any CPU
		{E280FF75-6A5D-4FA7-8780-45FE1D73DC57}.Debug|x64.Build.0 = Debug|Any CPU
		{E280FF75-6A5D-4FA7-8780-45FE1D73DC57}.Release|Any CPU.ActiveCfg = Release|Any CPU
		{E280FF75-6A5D-4FA7-8780-45FE1D73DC57}.Release|x64.ActiveCfg = Release|Any CPU
		{E280FF75-6A5D-4FA7-8780-45FE1D73DC57}.Release|x64.Build.0 = Release|Any CPU
		{D543A480-1D21-4A9A-B482-97A029FEA216}.Debug|Any CPU.ActiveCfg = Debug|Any CPU
		{D543A480-1D21-4A9A-B482-97A029FEA216}.Debug|Any CPU.Build.0 = Debug|Any CPU
		{D543A480-1D21-4A9A-B482-97A029FEA216}.Debug|x64.ActiveCfg = Debug|Any CPU
		{D543A480-1D21-4A9A-B482-97A029FEA216}.Debug|x64.Build.0 = Debug|Any CPU
		{D543A480-1D21-4A9A-B482-97A029FEA216}.Release|Any CPU.ActiveCfg = Release|Any CPU
		{D543A480-1D21-4A9A-B482-97A029FEA216}.Release|Any CPU.Build.0 = Release|Any CPU
		{D543A480-1D21-4A9A-B482-97A029FEA216}.Release|x64.ActiveCfg = Release|Any CPU
		{D543A480-1D21-4A9A-B482-97A029FEA216}.Release|x64.Build.0 = Release|Any CPU
	EndGlobalSection
	GlobalSection(SolutionProperties) = preSolution
		HideSolutionNode = FALSE
	EndGlobalSection
	GlobalSection(NestedProjects) = preSolution
		{E280FF75-6A5D-4FA7-8780-45FE1D73DC57} = {14451B69-50FC-428E-A1BD-053434043198}
	EndGlobalSection
EndGlobal
